
Microsoft Visual Studio Solution File, Format Version 12.00
# Visual Studio Version 17
VisualStudioVersion = 17.14.36915.13 d17.14
MinimumVisualStudioVersion = 10.0.40219.1
Project("{FAE04EC0-301F-11D3-BF4B-00C04F79EFBC}") = "InputNama", "InputNama\InputNama.csproj", "{B040109F-3271-47BE-BC81-F4891DBC1DCF}"
EndProject
Global
	GlobalSection(SolutionConfigurationPlatforms) = preSolution
		Debug|Any CPU = Debug|Any CPU
		Release|Any CPU = Release|Any CPU
	EndGlobalSection
	GlobalSection(ProjectConfigurationPlatforms) = postSolution
		{B040109F-3271-47BE-BC81-F4891DBC1DCF}.Debug|Any CPU.ActiveCfg = Debug|Any CPU
		{B040109F-3271-47BE-BC81-F4891DBC1DCF}.Debug|Any CPU.Build.0 = Debug|Any CPU
		{B040109F-3271-47BE-BC81-F4891DBC1DCF}.Release|Any CPU.ActiveCfg = Release|Any CPU
		{B040109F-3271-47BE-BC81-F4891DBC1DCF}.Release|Any CPU.Build.0 = Release|Any CPU
	EndGlobalSection
	GlobalSection(SolutionProperties) = preSolution
		HideSolutionNode = FALSE
	EndGlobalSection
	GlobalSection(ExtensibilityGlobals) = postSolution
		SolutionGuid = {31F140F1-7AF9-42B7-973D-DF11874E47B0}
	EndGlobalSection
EndGlobal
